{
  "name": "depject-tree",
  "version": "1.1.1",
  "lockfileVersion": 1,
  "requires": true,
  "dependencies": {
    "depject": {
      "version": "4.1.1",
      "resolved": "https://registry.npmjs.org/depject/-/depject-4.1.1.tgz",
      "integrity": "sha1-6/ciCGgsEfx9BRIjxG6223jVYFg=",
      "requires": {
        "libnested": "1.2.1"
      }
    },
    "libnested": {
      "version": "1.2.1",
      "resolved": "https://registry.npmjs.org/libnested/-/libnested-1.2.1.tgz",
      "integrity": "sha1-pwo2mxsPqQd0I0TwRfOhHzSv9R8="
    }
  }
}
