{
  "requires": true,
  "lockfileVersion": 1,
  "dependencies": {
    "depject": {
      "version": "4.1.0",
      "resolved": "https://registry.npmjs.org/depject/-/depject-4.1.0.tgz",
      "integrity": "sha1-nJbqrazRaLrbQIeUv1+GeJg84YM=",
      "requires": {
        "libnested": "1.2.1"
      }
    },
    "libnested": {
      "version": "1.2.1",
      "resolved": "https://registry.npmjs.org/libnested/-/libnested-1.2.1.tgz",
      "integrity": "sha1-pwo2mxsPqQd0I0TwRfOhHzSv9R8="
    }
  },
  "version": "1.0.1"
}
